// !$*UTF8*$!
{
	archiveVersion = 1;
	classes = {
	};
	objectVersion = 50;
	objects = {

/* Begin PBXBuildFile section */
		D57F3B09233C9587008557E2 /* AppDelegate.swift in Sources */ = {isa = PBXBuildFile; fileRef = D57F3B08233C9587008557E2 /* AppDelegate.swift */; };
		D57F3B0B233C9587008557E2 /* SceneDelegate.swift in Sources */ = {isa = PBXBuildFile; fileRef = D57F3B0A233C9587008557E2 /* SceneDelegate.swift */; };
		D57F3B12233C9589008557E2 /* Assets.xcassets in Resources */ = {isa = PBXBuildFile; fileRef = D57F3B11233C9589008557E2 /* Assets.xcassets */; };
		D57F3B15233C9589008557E2 /* LaunchScreen.storyboard in Resources */ = {isa = PBXBuildFile; fileRef = D57F3B13233C9589008557E2 /* LaunchScreen.storyboard */; };
		D57F3B1D233C96F5008557E2 /* ALMainViewController.swift in Sources */ = {isa = PBXBuildFile; fileRef = D57F3B1C233C96F5008557E2 /* ALMainViewController.swift */; };
/* End PBXBuildFile section */

/* Begin PBXFileReference section */
		D57F3B05233C9587008557E2 /* Demo-iOS13-ScennDelegate-01.app */ = {isa = PBXFileReference; explicitFileType = wrapper.application; includeInIndex = 0; path = "Demo-iOS13-ScennDelegate-01.app"; sourceTree = BUILT_PRODUCTS_DIR; };
		D57F3B08233C9587008557E2 /* AppDelegate.swift */ = {isa = PBXFileReference; lastKnownFileType = sourcecode.swift; path = AppDelegate.swift; sourceTree = "<group>"; };
		D57F3B0A233C9587008557E2 /* SceneDelegate.swift */ = {isa = PBXFileReference; lastKnownFileType = sourcecode.swift; path = SceneDelegate.swift; sourceTree = "<group>"; };
		D57F3B11233C9589008557E2 /* Assets.xcassets */ = {isa = PBXFileReference; lastKnownFileType = folder.assetcatalog; path = Assets.xcassets; sourceTree = "<group>"; };
		D57F3B14233C9589008557E2 /* Base */ = {isa = PBXFileReference; lastKnownFileType = file.storyboard; name = Base; path = Base.lproj/LaunchScreen.storyboard; sourceTree = "<group>"; };
		D57F3B16233C9589008557E2 /* Info.plist */ = {isa = PBXFileReference; lastKnownFileType = text.plist.xml; path = Info.plist; sourceTree = "<group>"; };
		D57F3B1C233C96F5008557E2 /* ALMainViewController.swift */ = {isa = PBXFileReference; lastKnownFileType = sourcecode.swift; path = ALMainViewController.swift; sourceTree = "<group>"; };
/* End PBXFileReference section */

/* Begin PBXFrameworksBuildPhase section */
		D57F3B02233C9587008557E2 /* Frameworks */ = {
			isa = PBXFrameworksBuildPhase;
			buildActionMask = 2147483647;
			files = (
			);
			runOnlyForDeploymentPostprocessing = 0;
		};
/* End PBXFrameworksBuildPhase section */

/* Begin PBXGroup section */
		D57F3AFC233C9587008557E2 = {
			isa = PBXGroup;
			children = (
				D57F3B07233C9587008557E2 /* Demo-iOS13-ScennDelegate-01 */,
				D57F3B06233C9587008557E2 /* Products */,
			);
			sourceTree = "<group>";
		};
		D57F3B06233C9587008557E2 /* Products */ = {
			isa = PBXGroup;
			children = (
				D57F3B05233C9587008557E2 /* Demo-iOS13-ScennDelegate-01.app */,
			);
			name = Products;
			sourceTree = "<group>";
		};
		D57F3B07233C9587008557E2 /* Demo-iOS13-ScennDelegate-01 */ = {
			isa = PBXGroup;
			children = (
				D57F3B08233C9587008557E2 /* AppDelegate.swift */,
				D57F3B0A233C9587008557E2 /* SceneDelegate.swift */,
				D57F3B1C233C96F5008557E2 /* ALMainViewController.swift */,
				D57F3B11233C9589008557E2 /* Assets.xcassets */,
				D57F3B13233C9589008557E2 /* LaunchScreen.storyboard */,
				D57F3B16233C9589008557E2 /* Info.plist */,
			);
			path = "Demo-iOS13-ScennDelegate-01";
			sourceTree = "<group>";
		};
/* End PBXGroup section */

/* Begin PBXNativeTarget section */
		D57F3B04233C9587008557E2 /* Demo-iOS13-ScennDelegate-01 */ = {
			isa = PBXNativeTarget;
			buildConfigurationList = D57F3B19233C9589008557E2 /* Build configuration list for PBXNativeTarget "Demo-iOS13-ScennDelegate-01" */;
			buildPhases = (
				D57F3B01233C9587008557E2 /* Sources */,
				D57F3B02233C9587008557E2 /* Frameworks */,
				D57F3B03233C9587008557E2 /* Resources */,
			);
			buildRules = (
			);
			dependencies = (
			);
			name = "Demo-iOS13-ScennDelegate-01";
			productName = "Demo-iOS13-ScennDelegate";
			productReference = D57F3B05233C9587008557E2 /* Demo-iOS13-ScennDelegate-01.app */;
			productType = "com.apple.product-type.application";
		};
/* End PBXNativeTarget section */

/* Begin PBXProject section */
		D57F3AFD233C9587008557E2 /* Project object */ = {
			isa = PBXProject;
			attributes = {
				LastSwiftUpdateCheck = 1100;
				LastUpgradeCheck = 1100;
				ORGANIZATIONNAME = Kingsoft;
				TargetAttributes = {
					D57F3B04233C9587008557E2 = {
						CreatedOnToolsVersion = 11.0;
					};
				};
			};
			buildConfigurationList = D57F3B00233C9587008557E2 /* Build configuration list for PBXProject "Demo-iOS13-ScennDelegate-01" */;
			compatibilityVersion = "Xcode 9.3";
			developmentRegion = en;
			hasScannedForEncodings = 0;
			knownRegions = (
				en,
				Base,
			);
			mainGroup = D57F3AFC233C9587008557E2;
			productRefGroup = D57F3B06233C9587008557E2 /* Products */;
			projectDirPath = "";
			projectRoot = "";
			targets = (
				D57F3B04233C9587008557E2 /* Demo-iOS13-ScennDelegate-01 */,
			);
		};
/* End PBXProject section */

/* Begin PBXResourcesBuildPhase section */
		D57F3B03233C9587008557E2 /* Resources */ = {
			isa = PBXResourcesBuildPhase;
			buildActionMask = 2147483647;
			files = (
				D57F3B15233C9589008557E2 /* LaunchScreen.storyboard in Resources */,
				D57F3B12233C9589008557E2 /* Assets.xcassets in Resources */,
			);
			runOnlyForDeploymentPostprocessing = 0;
		};
/* End PBXResourcesBuildPhase section */

/* Begin PBXSourcesBuildPhase section */
		D57F3B01233C9587008557E2 /* Sources */ = {
			isa = PBXSourcesBuildPhase;
			buildActionMask = 2147483647;
			files = (
				D57F3B09233C9587008557E2 /* AppDelegate.swift in Sources */,
				D57F3B1D233C96F5008557E2 /* ALMainViewController.swift in Sources */,
				D57F3B0B233C9587008557E2 /* SceneDelegate.swift in Sources */,
			);
			runOnlyForDeploymentPostprocessing = 0;
		};
/* End PBXSourcesBuildPhase section */

/* Begin PBXVariantGroup section */
		D57F3B13233C9589008557E2 /* LaunchScreen.storyboard */ = {
			isa = PBXVariantGroup;
			children = (
				D57F3B14233C9589008557E2 /* Base */,
			);
			name = LaunchScreen.storyboard;
			sourceTree = "<group>";
		};
/* End PBXVariantGroup section */

/* Begin XCBuildConfiguration section */
		D57F3B17233C9589008557E2 /* Debug */ = {
			isa = XCBuildConfiguration;
			buildSettings = {
				ALWAYS_SEARCH_USER_PATHS = NO;
				CLANG_ANALYZER_NONNULL = YES;
				CLANG_ANALYZER_NUMBER_OBJECT_CONVERSION = YES_AGGRESSIVE;
				CLANG_CXX_LANGUAGE_STANDARD = "gnu++14";
				CLANG_CXX_LIBRARY = "libc++";
				CLANG_ENABLE_MODULES = YES;
				CLANG_ENABLE_OBJC_ARC = YES;
				CLANG_ENABLE_OBJC_WEAK = YES;
				CLANG_WARN_BLOCK_CAPTURE_AUTORELEASING = YES;
				CLANG_WARN_BOOL_CONVERSION = YES;
				CLANG_WARN_COMMA = YES;
				CLANG_WARN_CONSTANT_CONVERSION = YES;
				CLANG_WARN_DEPRECATED_OBJC_IMPLEMENTATIONS = YES;
				CLANG_WARN_DIRECT_OBJC_ISA_USAGE = YES_ERROR;
				CLANG_WARN_DOCUMENTATION_COMMENTS = YES;
				CLANG_WARN_EMPTY_BODY = YES;
				CLANG_WARN_ENUM_CONVERSION = YES;
				CLANG_WARN_INFINITE_RECURSION = YES;
				CLANG_WARN_INT_CONVERSION = YES;
				CLANG_WARN_NON_LITERAL_NULL_CONVERSION = YES;
				CLANG_WARN_OBJC_IMPLICIT_RETAIN_SELF = YES;
				CLANG_WARN_OBJC_LITERAL_CONVERSION = YES;
				CLANG_WARN_OBJC_ROOT_CLASS = YES_ERROR;
				CLANG_WARN_RANGE_LOOP_ANALYSIS = YES;
				CLANG_WARN_STRICT_PROTOTYPES = YES;
				CLANG_WARN_SUSPICIOUS_MOVE = YES;
				CLANG_WARN_UNGUARDED_AVAILABILITY = YES_AGGRESSIVE;
				CLANG_WARN_UNREACHABLE_CODE = YES;
				CLANG_WARN__DUPLICATE_METHOD_MATCH = YES;
				COPY_PHASE_STRIP = NO;
				DEBUG_INFORMATION_FORMAT = dwarf;
				ENABLE_STRICT_OBJC_MSGSEND = YES;
				ENABLE_TESTABILITY = YES;
				GCC_C_LANGUAGE_STANDARD = gnu11;
				GCC_DYNAMIC_NO_PIC = NO;
				GCC_NO_COMMON_BLOCKS = YES;
				GCC_OPTIMIZATION_LEVEL = 0;
				GCC_PREPROCESSOR_DEFINITIONS = (
					"DEBUG=1",
					"$(inherited)",
				);
				GCC_WARN_64_TO_32_BIT_CONVERSION = YES;
				GCC_WARN_ABOUT_RETURN_TYPE = YES_ERROR;
				GCC_WARN_UNDECLARED_SELECTOR = YES;
				GCC_WARN_UNINITIALIZED_AUTOS = YES_AGGRESSIVE;
				GCC_WARN_UNUSED_FUNCTION = YES;
				GCC_WARN_UNUSED_VARIABLE = YES;
				IPHONEOS_DEPLOYMENT_TARGET = 13.0;
				MTL_ENABLE_DEBUG_INFO = INCLUDE_SOURCE;
				MTL_FAST_MATH = YES;
				ONLY_ACTIVE_ARCH = YES;
				SDKROOT = iphoneos;
				SWIFT_ACTIVE_COMPILATION_CONDITIONS = DEBUG;
				SWIFT_OPTIMIZATION_LEVEL = "-Onone";
			};
			name = Debug;
		};
		D57F3B18233C9589008557E2 /* Release */ = {
			isa = XCBuildConfiguration;
			buildSettings = {
				ALWAYS_SEARCH_USER_PATHS = NO;
				CLANG_ANALYZER_NONNULL = YES;
				CLANG_ANALYZER_NUMBER_OBJECT_CONVERSION = YES_AGGRESSIVE;
				CLANG_CXX_LANGUAGE_STANDARD = "gnu++14";
				CLANG_CXX_LIBRARY = "libc++";
				CLANG_ENABLE_MODULES = YES;
				CLANG_ENABLE_OBJC_ARC = YES;
				CLANG_ENABLE_OBJC_WEAK = YES;
				CLANG_WARN_BLOCK_CAPTURE_AUTORELEASING = YES;
				CLANG_WARN_BOOL_CONVERSION = YES;
				CLANG_WARN_COMMA = YES;
				CLANG_WARN_CONSTANT_CONVERSION = YES;
				CLANG_WARN_DEPRECATED_OBJC_IMPLEMENTATIONS = YES;
				CLANG_WARN_DIRECT_OBJC_ISA_USAGE = YES_ERROR;
				CLANG_WARN_DOCUMENTATION_COMMENTS = YES;
				CLANG_WARN_EMPTY_BODY = YES;
				CLANG_WARN_ENUM_CONVERSION = YES;
				CLANG_WARN_INFINITE_RECURSION = YES;
				CLANG_WARN_INT_CONVERSION = YES;
				CLANG_WARN_NON_LITERAL_NULL_CONVERSION = YES;
				CLANG_WARN_OBJC_IMPLICIT_RETAIN_SELF = YES;
				CLANG_WARN_OBJC_LITERAL_CONVERSION = YES;
				CLANG_WARN_OBJC_ROOT_CLASS = YES_ERROR;
				CLANG_WARN_RANGE_LOOP_ANALYSIS = YES;
				CLANG_WARN_STRICT_PROTOTYPES = YES;
				CLANG_WARN_SUSPICIOUS_MOVE = YES;
				CLANG_WARN_UNGUARDED_AVAILABILITY = YES_AGGRESSIVE;
				CLANG_WARN_UNREACHABLE_CODE = YES;
				CLANG_WARN__DUPLICATE_METHOD_MATCH = YES;
				COPY_PHASE_STRIP = NO;
				DEBUG_INFORMATION_FORMAT = "dwarf-with-dsym";
				ENABLE_NS_ASSERTIONS = NO;
				ENABLE_STRICT_OBJC_MSGSEND = YES;
				GCC_C_LANGUAGE_STANDARD = gnu11;
				GCC_NO_COMMON_BLOCKS = YES;
				GCC_WARN_64_TO_32_BIT_CONVERSION = YES;
				GCC_WARN_ABOUT_RETURN_TYPE = YES_ERROR;
				GCC_WARN_UNDECLARED_SELECTOR = YES;
				GCC_WARN_UNINITIALIZED_AUTOS = YES_AGGRESSIVE;
				GCC_WARN_UNUSED_FUNCTION = YES;
				GCC_WARN_UNUSED_VARIABLE = YES;
				IPHONEOS_DEPLOYMENT_TARGET = 13.0;
				MTL_ENABLE_DEBUG_INFO = NO;
				MTL_FAST_MATH = YES;
				SDKROOT = iphoneos;
				SWIFT_COMPILATION_MODE = wholemodule;
				SWIFT_OPTIMIZATION_LEVEL = "-O";
				VALIDATE_PRODUCT = YES;
			};
			name = Release;
		};
		D57F3B1A233C9589008557E2 /* Debug */ = {
			isa = XCBuildConfiguration;
			buildSettings = {
				ASSETCATALOG_COMPILER_APPICON_NAME = AppIcon;
				CODE_SIGN_STYLE = Automatic;
				DEVELOPMENT_TEAM = 326CN7K7KT;
				INFOPLIST_FILE = "$(SRCROOT)/Demo-iOS13-ScennDelegate-01/Info.plist";
				LD_RUNPATH_SEARCH_PATHS = (
					"$(inherited)",
					"@executable_path/Frameworks",
				);
				PRODUCT_BUNDLE_IDENTIFIER = "com.kingsoft.Demo-iOS13-ScennDelegate";
				PRODUCT_NAME = "$(TARGET_NAME)";
				SWIFT_VERSION = 5.0;
				TARGETED_DEVICE_FAMILY = "1,2";
			};
			name = Debug;
		};
		D57F3B1B233C9589008557E2 /* Release */ = {
			isa = XCBuildConfiguration;
			buildSettings = {
				ASSETCATALOG_COMPILER_APPICON_NAME = AppIcon;
				CODE_SIGN_STYLE = Automatic;
				DEVELOPMENT_TEAM = 326CN7K7KT;
				INFOPLIST_FILE = "$(SRCROOT)/Demo-iOS13-ScennDelegate-01/Info.plist";
				LD_RUNPATH_SEARCH_PATHS = (
					"$(inherited)",
					"@executable_path/Frameworks",
				);
				PRODUCT_BUNDLE_IDENTIFIER = "com.kingsoft.Demo-iOS13-ScennDelegate";
				PRODUCT_NAME = "$(TARGET_NAME)";
				SWIFT_VERSION = 5.0;
				TARGETED_DEVICE_FAMILY = "1,2";
			};
			name = Release;
		};
/* End XCBuildConfiguration section */

/* Begin XCConfigurationList section */
		D57F3B00233C9587008557E2 /* Build configuration list for PBXProject "Demo-iOS13-ScennDelegate-01" */ = {
			isa = XCConfigurationList;
			buildConfigurations = (
				D57F3B17233C9589008557E2 /* Debug */,
				D57F3B18233C9589008557E2 /* Release */,
			);
			defaultConfigurationIsVisible = 0;
			defaultConfigurationName = Release;
		};
		D57F3B19233C9589008557E2 /* Build configuration list for PBXNativeTarget "Demo-iOS13-ScennDelegate-01" */ = {
			isa = XCConfigurationList;
			buildConfigurations = (
				D57F3B1A233C9589008557E2 /* Debug */,
				D57F3B1B233C9589008557E2 /* Release */,
			);
			defaultConfigurationIsVisible = 0;
			defaultConfigurationName = Release;
		};
/* End XCConfigurationList section */
	};
	rootObject = D57F3AFD233C9587008557E2 /* Project object */;
}
